
Microsoft Visual Studio Solution File, Format Version 12.00
# Visual Studio 2012
Project("{FAE04EC0-301F-11D3-BF4B-00C04F79EFBC}") = "CudaTest", "CudaTest\CudaTest.csproj", "{993A454A-9728-4092-9CE9-627091C808F5}"
EndProject
Global
	GlobalSection(SolutionConfigurationPlatforms) = preSolution
		Debug|Any CPU = Debug|Any CPU
		Release|Any CPU = Release|Any CPU
	EndGlobalSection
	GlobalSection(ProjectConfigurationPlatforms) = postSolution
		{993A454A-9728-4092-9CE9-627091C808F5}.Debug|Any CPU.ActiveCfg = Debug|x64
		{993A454A-9728-4092-9CE9-627091C808F5}.Debug|Any CPU.Build.0 = Debug|x64
		{993A454A-9728-4092-9CE9-627091C808F5}.Release|Any CPU.ActiveCfg = Release|Any CPU
		{993A454A-9728-4092-9CE9-627091C808F5}.Release|Any CPU.Build.0 = Release|Any CPU
	EndGlobalSection
	GlobalSection(SolutionProperties) = preSolution
		HideSolutionNode = FALSE
	EndGlobalSection
EndGlobal
